
Microsoft Visual Studio Solution File, Format Version 12.00
# Visual Studio Version 16
VisualStudioVersion = 16.0.29920.165
MinimumVisualStudioVersion = 10.0.40219.1
Project("{FAE04EC0-301F-11D3-BF4B-00C04F79EFBC}") = "TTGenor", "TTGenor.csproj", "{F2D379F5-D12D-4B5A-9E71-1B298FFB6E97}"
EndProject
Global
	GlobalSection(SolutionConfigurationPlatforms) = preSolution
		Debug|Any CPU = Debug|Any CPU
		Release|Any CPU = Release|Any CPU
	EndGlobalSection
	GlobalSection(ProjectConfigurationPlatforms) = postSolution
		{F2D379F5-D12D-4B5A-9E71-1B298FFB6E97}.Debug|Any CPU.ActiveCfg = Debug|Any CPU
		{F2D379F5-D12D-4B5A-9E71-1B298FFB6E97}.Debug|Any CPU.Build.0 = Debug|Any CPU
		{F2D379F5-D12D-4B5A-9E71-1B298FFB6E97}.Release|Any CPU.ActiveCfg = Release|Any CPU
		{F2D379F5-D12D-4B5A-9E71-1B298FFB6E97}.Release|Any CPU.Build.0 = Release|Any CPU
	EndGlobalSection
	GlobalSection(SolutionProperties) = preSolution
		HideSolutionNode = FALSE
	EndGlobalSection
	GlobalSection(ExtensibilityGlobals) = postSolution
		SolutionGuid = {AB8F953C-6EA4-4FA1-A5F4-75F3EE091B12}
	EndGlobalSection
EndGlobal
